
Microsoft Visual Studio Solution File, Format Version 12.00
# Visual Studio Version 17
VisualStudioVersion = 17.0.31903.59
MinimumVisualStudioVersion = 10.0.40219.1
Project("{2150E333-8FDC-42A3-9474-1A3956D46DE8}") = "src", "src", "{9807EEDD-D6F8-4C20-9198-3EB5A4BB3DE7}"
EndProject
Project("{FAE04EC0-301F-11D3-BF4B-00C04F79EFBC}") = "FiltresApp.Core", "src\FiltresApp.Core\FiltresApp.Core.csproj", "{63505BB8-1D99-4CFC-9F8F-706211A6531C}"
EndProject
Project("{FAE04EC0-301F-11D3-BF4B-00C04F79EFBC}") = "FiltresApp", "src\FiltresApp\FiltresApp.csproj", "{A73E17EA-80F0-4B9E-B126-2B94AED3CAAB}"
EndProject
Project("{FAE04EC0-301F-11D3-BF4B-00C04F79EFBC}") = "FiltresApp.ImportCli", "src\FiltresApp.ImportCli\FiltresApp.ImportCli.csproj", "{65453448-7515-420D-BDD5-0537147D3ED4}"
EndProject
Global
	GlobalSection(SolutionConfigurationPlatforms) = preSolution
		Debug|Any CPU = Debug|Any CPU
		Release|Any CPU = Release|Any CPU
	EndGlobalSection
	GlobalSection(SolutionProperties) = preSolution
		HideSolutionNode = FALSE
	EndGlobalSection
	GlobalSection(ProjectConfigurationPlatforms) = postSolution
		{63505BB8-1D99-4CFC-9F8F-706211A6531C}.Debug|Any CPU.ActiveCfg = Debug|Any CPU
		{63505BB8-1D99-4CFC-9F8F-706211A6531C}.Debug|Any CPU.Build.0 = Debug|Any CPU
		{63505BB8-1D99-4CFC-9F8F-706211A6531C}.Release|Any CPU.ActiveCfg = Release|Any CPU
		{63505BB8-1D99-4CFC-9F8F-706211A6531C}.Release|Any CPU.Build.0 = Release|Any CPU
		{A73E17EA-80F0-4B9E-B126-2B94AED3CAAB}.Debug|Any CPU.ActiveCfg = Debug|Any CPU
		{A73E17EA-80F0-4B9E-B126-2B94AED3CAAB}.Debug|Any CPU.Build.0 = Debug|Any CPU
		{A73E17EA-80F0-4B9E-B126-2B94AED3CAAB}.Release|Any CPU.ActiveCfg = Release|Any CPU
		{A73E17EA-80F0-4B9E-B126-2B94AED3CAAB}.Release|Any CPU.Build.0 = Release|Any CPU
		{65453448-7515-420D-BDD5-0537147D3ED4}.Debug|Any CPU.ActiveCfg = Debug|Any CPU
		{65453448-7515-420D-BDD5-0537147D3ED4}.Debug|Any CPU.Build.0 = Debug|Any CPU
		{65453448-7515-420D-BDD5-0537147D3ED4}.Release|Any CPU.ActiveCfg = Release|Any CPU
		{65453448-7515-420D-BDD5-0537147D3ED4}.Release|Any CPU.Build.0 = Release|Any CPU
	EndGlobalSection
	GlobalSection(NestedProjects) = preSolution
		{63505BB8-1D99-4CFC-9F8F-706211A6531C} = {9807EEDD-D6F8-4C20-9198-3EB5A4BB3DE7}
		{A73E17EA-80F0-4B9E-B126-2B94AED3CAAB} = {9807EEDD-D6F8-4C20-9198-3EB5A4BB3DE7}
		{65453448-7515-420D-BDD5-0537147D3ED4} = {9807EEDD-D6F8-4C20-9198-3EB5A4BB3DE7}
	EndGlobalSection
EndGlobal
